<?xml version="1.0" encoding="utf-8"?>
<Project ToolsVersion="4.0" xmlns="http://schemas.microsoft.com/developer/msbuild/2003">
  <ItemGroup>
    <Filter Include="Source Files">
      <UniqueIdentifier>{4FC737F1-C7A5-4376-A066-2A32D752A2FF}</UniqueIdentifier>
      <Extensions>cpp;c;cc;cxx;def;odl;idl;hpj;bat;asm;asmx</Extensions>
    </Filter>
    <Filter Include="Header Files">
      <UniqueIdentifier>{93995380-89BD-4b04-88EB-625FBE52EBFB}</UniqueIdentifier>
      <Extensions>h;hh;hpp;hxx;hm;inl;inc;xsd</Extensions>
    </Filter>
    <Filter Include="Resource Files">
      <UniqueIdentifier>{67DA6AB6-F800-4c08-8B7A-83BB121AAD01}</UniqueIdentifier>
      <Extensions>rc;ico;cur;bmp;dlg;rc2;rct;bin;rgs;gif;jpg;jpeg;jpe;resx;tiff;tif;png;wav;mfcribbon-ms</Extensions>
    </Filter>
    <Filter Include="Time Events">
      <UniqueIdentifier>{db0992ff-66b5-45c3-aff8-ecdae4bd1333}</UniqueIdentifier>
    </Filter>
    <Filter Include="Generators">
      <UniqueIdentifier>{14e99f00-4b69-4518-8682-6680817877de}</UniqueIdentifier>
    </Filter>
    <Filter Include="Statistics">
      <UniqueIdentifier>{5c80bdec-8e5e-4de5-93be-cd2f6c533f58}</UniqueIdentifier>
    </Filter>
  </ItemGroup>
  <ItemGroup>
    <ClInclude Include="transmitter.h">
      <Filter>Header Files</Filter>
    </ClInclude>
    <ClInclude Include="system.h">
      <Filter>Header Files</Filter>
    </ClInclude>
    <ClInclude Include="receiver.h">
      <Filter>Header Files</Filter>
    </ClInclude>
    <ClInclude Include="channel.h">
      <Filter>Header Files</Filter>
    </ClInclude>
    <ClInclude Include="package.h">
      <Filter>Header Files</Filter>
    </ClInclude>
    <ClInclude Include="ack.h">
      <Filter>Header Files</Filter>
    </ClInclude>
    <ClInclude Include="simulation.h">
      <Filter>Header Files</Filter>
    </ClInclude>
    <ClInclude Include="event.h">
      <Filter>Header Files</Filter>
    </ClInclude>
    <ClInclude Include="createPacket.h">
      <Filter>Time Events</Filter>
    </ClInclude>
    <ClInclude Include="checkChannel.h">
      <Filter>Time Events</Filter>
    </ClInclude>
    <ClInclude Include="agenda.h">
      <Filter>Header Files</Filter>
    </ClInclude>
    <ClInclude Include="receivePackage.h">
      <Filter>Time Events</Filter>
    </ClInclude>
    <ClInclude Include="receiveACK.h">
      <Filter>Time Events</Filter>
    </ClInclude>
    <ClInclude Include="uniformGenerator.h">
      <Filter>Generators</Filter>
    </ClInclude>
    <ClInclude Include="exponentialGenerator.h">
      <Filter>Generators</Filter>
    </ClInclude>
    <ClInclude Include="kernels.h">
      <Filter>Header Files</Filter>
    </ClInclude>
    <ClInclude Include="statistics.h">
      <Filter>Statistics</Filter>
    </ClInclude>
  </ItemGroup>
  <ItemGroup>
    <ClCompile Include="transmitter.cpp">
      <Filter>Source Files</Filter>
    </ClCompile>
    <ClCompile Include="system.cpp">
      <Filter>Source Files</Filter>
    </ClCompile>
    <ClCompile Include="receiver.cpp">
      <Filter>Source Files</Filter>
    </ClCompile>
    <ClCompile Include="channel.cpp">
      <Filter>Source Files</Filter>
    </ClCompile>
    <ClCompile Include="package.cpp">
      <Filter>Source Files</Filter>
    </ClCompile>
    <ClCompile Include="main.cpp">
      <Filter>Source Files</Filter>
    </ClCompile>
    <ClCompile Include="ack.cpp">
      <Filter>Source Files</Filter>
    </ClCompile>
    <ClCompile Include="simulation.cpp">
      <Filter>Source Files</Filter>
    </ClCompile>
    <ClCompile Include="event.cpp">
      <Filter>Source Files</Filter>
    </ClCompile>
    <ClCompile Include="createPacket.cpp">
      <Filter>Time Events</Filter>
    </ClCompile>
    <ClCompile Include="checkChannel.cpp">
      <Filter>Time Events</Filter>
    </ClCompile>
    <ClCompile Include="agenda.cpp">
      <Filter>Source Files</Filter>
    </ClCompile>
    <ClCompile Include="receivePackage.cpp">
      <Filter>Time Events</Filter>
    </ClCompile>
    <ClCompile Include="receiveACK.cpp">
      <Filter>Time Events</Filter>
    </ClCompile>
    <ClCompile Include="uniformGenerator.cpp">
      <Filter>Generators</Filter>
    </ClCompile>
    <ClCompile Include="exponentialGenerator.cpp">
      <Filter>Generators</Filter>
    </ClCompile>
    <ClCompile Include="kernels.cpp">
      <Filter>Source Files</Filter>
    </ClCompile>
    <ClCompile Include="statistics.cpp">
      <Filter>Statistics</Filter>
    </ClCompile>
  </ItemGroup>
  <ItemGroup>
    <Text Include="dane.txt" />
  </ItemGroup>
</Project>